
Microsoft Visual Studio Solution File, Format Version 12.00
# Visual Studio Version 17
VisualStudioVersion = 17.2.32505.173
MinimumVisualStudioVersion = 10.0.40219.1
Project("{9A19103F-16F7-4668-BE54-9A1E7A4F7556}") = "VotingTrackRecord", "VotingTrackRecord\VotingTrackRecord.csproj", "{002F7285-6EDB-4FAC-9668-88BA344DB1E2}"
EndProject
Project("{2150E333-8FDC-42A3-9474-1A3956D46DE8}") = "Common", "Common", "{8B4EAB2C-3339-4DD5-9EBE-1ED27365EB46}"
EndProject
Project("{9A19103F-16F7-4668-BE54-9A1E7A4F7556}") = "VotingTrackRecord.Common", "VotingTrackRecord.Common\VotingTrackRecord.Common.csproj", "{1E02275E-E117-470C-9A15-351B4DFCC585}"
EndProject
Project("{9A19103F-16F7-4668-BE54-9A1E7A4F7556}") = "PropublicaService", "PropublicaApi\PropublicaService.csproj", "{97139E77-8F77-4138-8790-7AA9937B6839}"
EndProject
Project("{2150E333-8FDC-42A3-9474-1A3956D46DE8}") = "Persistance", "Persistance", "{101541DD-D2F4-442B-B5C3-4EC6187E5A09}"
EndProject
Project("{2150E333-8FDC-42A3-9474-1A3956D46DE8}") = "WebHost", "WebHost", "{B715A81F-B5E1-4292-8E6A-5A8C0162BDBE}"
EndProject
Project("{2150E333-8FDC-42A3-9474-1A3956D46DE8}") = "Apis", "Apis", "{ECEF1292-CEB5-4158-9710-6884BE74796C}"
EndProject
Project("{2150E333-8FDC-42A3-9474-1A3956D46DE8}") = "Repository", "Repository", "{A1C63ED6-F2F7-41D5-AA7E-0BC331BC13DA}"
EndProject
Project("{9A19103F-16F7-4668-BE54-9A1E7A4F7556}") = "DatabaseRepository", "VotingTrackRecordRepository\DatabaseRepository.csproj", "{6C1DD162-7D27-4409-AB05-9817C8436E07}"
EndProject
Project("{2150E333-8FDC-42A3-9474-1A3956D46DE8}") = "Domain", "Domain", "{D06524B9-3CD9-4C7F-8490-3924B66BC0F1}"
EndProject
Project("{9A19103F-16F7-4668-BE54-9A1E7A4F7556}") = "VoteTracker", "VoteTrackerBusiness\VoteTracker.csproj", "{0FBDAB07-2852-492A-9DCE-5AA0EE2A0C1A}"
EndProject
Project("{9A19103F-16F7-4668-BE54-9A1E7A4F7556}") = "VotingTrackRecordTests", "VotingTrackRecordTests\VotingTrackRecordTests.csproj", "{3747E9CF-2E48-4389-B5B1-4DD23FC19D25}"
EndProject
Project("{FAE04EC0-301F-11D3-BF4B-00C04F79EFBC}") = "TwitterService", "TwitterBusiness\TwitterService.csproj", "{9F8EF9B1-101F-40CA-B158-189780AD3599}"
EndProject
Global
	GlobalSection(SolutionConfigurationPlatforms) = preSolution
		Debug|Any CPU = Debug|Any CPU
		Release|Any CPU = Release|Any CPU
	EndGlobalSection
	GlobalSection(ProjectConfigurationPlatforms) = postSolution
		{002F7285-6EDB-4FAC-9668-88BA344DB1E2}.Debug|Any CPU.ActiveCfg = Debug|Any CPU
		{002F7285-6EDB-4FAC-9668-88BA344DB1E2}.Debug|Any CPU.Build.0 = Debug|Any CPU
		{002F7285-6EDB-4FAC-9668-88BA344DB1E2}.Release|Any CPU.ActiveCfg = Release|Any CPU
		{002F7285-6EDB-4FAC-9668-88BA344DB1E2}.Release|Any CPU.Build.0 = Release|Any CPU
		{1E02275E-E117-470C-9A15-351B4DFCC585}.Debug|Any CPU.ActiveCfg = Debug|Any CPU
		{1E02275E-E117-470C-9A15-351B4DFCC585}.Debug|Any CPU.Build.0 = Debug|Any CPU
		{1E02275E-E117-470C-9A15-351B4DFCC585}.Release|Any CPU.ActiveCfg = Release|Any CPU
		{1E02275E-E117-470C-9A15-351B4DFCC585}.Release|Any CPU.Build.0 = Release|Any CPU
		{97139E77-8F77-4138-8790-7AA9937B6839}.Debug|Any CPU.ActiveCfg = Debug|Any CPU
		{97139E77-8F77-4138-8790-7AA9937B6839}.Debug|Any CPU.Build.0 = Debug|Any CPU
		{97139E77-8F77-4138-8790-7AA9937B6839}.Release|Any CPU.ActiveCfg = Release|Any CPU
		{97139E77-8F77-4138-8790-7AA9937B6839}.Release|Any CPU.Build.0 = Release|Any CPU
		{6C1DD162-7D27-4409-AB05-9817C8436E07}.Debug|Any CPU.ActiveCfg = Debug|Any CPU
		{6C1DD162-7D27-4409-AB05-9817C8436E07}.Debug|Any CPU.Build.0 = Debug|Any CPU
		{6C1DD162-7D27-4409-AB05-9817C8436E07}.Release|Any CPU.ActiveCfg = Release|Any CPU
		{6C1DD162-7D27-4409-AB05-9817C8436E07}.Release|Any CPU.Build.0 = Release|Any CPU
		{0FBDAB07-2852-492A-9DCE-5AA0EE2A0C1A}.Debug|Any CPU.ActiveCfg = Debug|Any CPU
		{0FBDAB07-2852-492A-9DCE-5AA0EE2A0C1A}.Debug|Any CPU.Build.0 = Debug|Any CPU
		{0FBDAB07-2852-492A-9DCE-5AA0EE2A0C1A}.Release|Any CPU.ActiveCfg = Release|Any CPU
		{0FBDAB07-2852-492A-9DCE-5AA0EE2A0C1A}.Release|Any CPU.Build.0 = Release|Any CPU
		{3747E9CF-2E48-4389-B5B1-4DD23FC19D25}.Debug|Any CPU.ActiveCfg = Debug|Any CPU
		{3747E9CF-2E48-4389-B5B1-4DD23FC19D25}.Debug|Any CPU.Build.0 = Debug|Any CPU
		{3747E9CF-2E48-4389-B5B1-4DD23FC19D25}.Release|Any CPU.ActiveCfg = Release|Any CPU
		{3747E9CF-2E48-4389-B5B1-4DD23FC19D25}.Release|Any CPU.Build.0 = Release|Any CPU
		{9F8EF9B1-101F-40CA-B158-189780AD3599}.Debug|Any CPU.ActiveCfg = Debug|Any CPU
		{9F8EF9B1-101F-40CA-B158-189780AD3599}.Debug|Any CPU.Build.0 = Debug|Any CPU
		{9F8EF9B1-101F-40CA-B158-189780AD3599}.Release|Any CPU.ActiveCfg = Release|Any CPU
		{9F8EF9B1-101F-40CA-B158-189780AD3599}.Release|Any CPU.Build.0 = Release|Any CPU
	EndGlobalSection
	GlobalSection(SolutionProperties) = preSolution
		HideSolutionNode = FALSE
	EndGlobalSection
	GlobalSection(NestedProjects) = preSolution
		{002F7285-6EDB-4FAC-9668-88BA344DB1E2} = {B715A81F-B5E1-4292-8E6A-5A8C0162BDBE}
		{1E02275E-E117-470C-9A15-351B4DFCC585} = {8B4EAB2C-3339-4DD5-9EBE-1ED27365EB46}
		{97139E77-8F77-4138-8790-7AA9937B6839} = {ECEF1292-CEB5-4158-9710-6884BE74796C}
		{ECEF1292-CEB5-4158-9710-6884BE74796C} = {101541DD-D2F4-442B-B5C3-4EC6187E5A09}
		{A1C63ED6-F2F7-41D5-AA7E-0BC331BC13DA} = {101541DD-D2F4-442B-B5C3-4EC6187E5A09}
		{6C1DD162-7D27-4409-AB05-9817C8436E07} = {A1C63ED6-F2F7-41D5-AA7E-0BC331BC13DA}
		{0FBDAB07-2852-492A-9DCE-5AA0EE2A0C1A} = {D06524B9-3CD9-4C7F-8490-3924B66BC0F1}
		{3747E9CF-2E48-4389-B5B1-4DD23FC19D25} = {B715A81F-B5E1-4292-8E6A-5A8C0162BDBE}
		{9F8EF9B1-101F-40CA-B158-189780AD3599} = {ECEF1292-CEB5-4158-9710-6884BE74796C}
	EndGlobalSection
	GlobalSection(ExtensibilityGlobals) = postSolution
		SolutionGuid = {4FB6A67D-A071-413C-A867-EC7DE4878F83}
	EndGlobalSection
EndGlobal
